// !$*UTF8*$!
{
	archiveVersion = 1;
	classes = {
	};
	objectVersion = 50;
	objects = {

/* Begin PBXBuildFile section */
		1CA0A18526116AED0022549F /* AppDelegate.m in Sources */ = {isa = PBXBuildFile; fileRef = 1CA0A18426116AED0022549F /* AppDelegate.m */; };
		1CA0A18826116AED0022549F /* SceneDelegate.m in Sources */ = {isa = PBXBuildFile; fileRef = 1CA0A18726116AED0022549F /* SceneDelegate.m */; };
		1CA0A18B26116AED0022549F /* ViewController.m in Sources */ = {isa = PBXBuildFile; fileRef = 1CA0A18A26116AED0022549F /* ViewController.m */; };
		1CA0A18E26116AED0022549F /* Main.storyboard in Resources */ = {isa = PBXBuildFile; fileRef = 1CA0A18C26116AED0022549F /* Main.storyboard */; };
		1CA0A19026116AEE0022549F /* Assets.xcassets in Resources */ = {isa = PBXBuildFile; fileRef = 1CA0A18F26116AEE0022549F /* Assets.xcassets */; };
		1CA0A19326116AEE0022549F /* LaunchScreen.storyboard in Resources */ = {isa = PBXBuildFile; fileRef = 1CA0A19126116AEE0022549F /* LaunchScreen.storyboard */; };
		1CA0A19626116AEE0022549F /* main.m in Sources */ = {isa = PBXBuildFile; fileRef = 1CA0A19526116AEE0022549F /* main.m */; };
		1CA0A19E26116B1E0022549F /* xmlTextFile.xml in Resources */ = {isa = PBXBuildFile; fileRef = 1CA0A19D26116B1E0022549F /* xmlTextFile.xml */; };
		1CA0A1A226116B3C0022549F /* XMLParseManager.m in Sources */ = {isa = PBXBuildFile; fileRef = 1CA0A1A126116B3C0022549F /* XMLParseManager.m */; };
		1CA0A1A7261177A90022549F /* xmlText2.xml in Resources */ = {isa = PBXBuildFile; fileRef = 1CA0A1A6261177A90022549F /* xmlText2.xml */; };
		1CA0A1BB261185400022549F /* XPDXMLElement.m in Sources */ = {isa = PBXBuildFile; fileRef = 1CA0A1BA261185400022549F /* XPDXMLElement.m */; };
/* End PBXBuildFile section */

/* Begin PBXFileReference section */
		1CA0A18026116AED0022549F /* XMLParseDome.app */ = {isa = PBXFileReference; explicitFileType = wrapper.application; includeInIndex = 0; path = XMLParseDome.app; sourceTree = BUILT_PRODUCTS_DIR; };
		1CA0A18326116AED0022549F /* AppDelegate.h */ = {isa = PBXFileReference; lastKnownFileType = sourcecode.c.h; path = AppDelegate.h; sourceTree = "<group>"; };
		1CA0A18426116AED0022549F /* AppDelegate.m */ = {isa = PBXFileReference; lastKnownFileType = sourcecode.c.objc; path = AppDelegate.m; sourceTree = "<group>"; };
		1CA0A18626116AED0022549F /* SceneDelegate.h */ = {isa = PBXFileReference; lastKnownFileType = sourcecode.c.h; path = SceneDelegate.h; sourceTree = "<group>"; };
		1CA0A18726116AED0022549F /* SceneDelegate.m */ = {isa = PBXFileReference; lastKnownFileType = sourcecode.c.objc; path = SceneDelegate.m; sourceTree = "<group>"; };
		1CA0A18926116AED0022549F /* ViewController.h */ = {isa = PBXFileReference; lastKnownFileType = sourcecode.c.h; path = ViewController.h; sourceTree = "<group>"; };
		1CA0A18A26116AED0022549F /* ViewController.m */ = {isa = PBXFileReference; lastKnownFileType = sourcecode.c.objc; path = ViewController.m; sourceTree = "<group>"; };
		1CA0A18D26116AED0022549F /* Base */ = {isa = PBXFileReference; lastKnownFileType = file.storyboard; name = Base; path = Base.lproj/Main.storyboard; sourceTree = "<group>"; };
		1CA0A18F26116AEE0022549F /* Assets.xcassets */ = {isa = PBXFileReference; lastKnownFileType = folder.assetcatalog; path = Assets.xcassets; sourceTree = "<group>"; };
		1CA0A19226116AEE0022549F /* Base */ = {isa = PBXFileReference; lastKnownFileType = file.storyboard; name = Base; path = Base.lproj/LaunchScreen.storyboard; sourceTree = "<group>"; };
		1CA0A19426116AEE0022549F /* Info.plist */ = {isa = PBXFileReference; lastKnownFileType = text.plist.xml; path = Info.plist; sourceTree = "<group>"; };
		1CA0A19526116AEE0022549F /* main.m */ = {isa = PBXFileReference; lastKnownFileType = sourcecode.c.objc; path = main.m; sourceTree = "<group>"; };
		1CA0A19D26116B1E0022549F /* xmlTextFile.xml */ = {isa = PBXFileReference; fileEncoding = 4; lastKnownFileType = text.xml; path = xmlTextFile.xml; sourceTree = "<group>"; };
		1CA0A1A026116B3C0022549F /* XMLParseManager.h */ = {isa = PBXFileReference; lastKnownFileType = sourcecode.c.h; path = XMLParseManager.h; sourceTree = "<group>"; };
		1CA0A1A126116B3C0022549F /* XMLParseManager.m */ = {isa = PBXFileReference; lastKnownFileType = sourcecode.c.objc; path = XMLParseManager.m; sourceTree = "<group>"; };
		1CA0A1A6261177A90022549F /* xmlText2.xml */ = {isa = PBXFileReference; lastKnownFileType = text.xml; path = xmlText2.xml; sourceTree = "<group>"; };
		1CA0A1B9261185400022549F /* XPDXMLElement.h */ = {isa = PBXFileReference; lastKnownFileType = sourcecode.c.h; path = XPDXMLElement.h; sourceTree = "<group>"; };
		1CA0A1BA261185400022549F /* XPDXMLElement.m */ = {isa = PBXFileReference; lastKnownFileType = sourcecode.c.objc; path = XPDXMLElement.m; sourceTree = "<group>"; };
/* End PBXFileReference section */

/* Begin PBXFrameworksBuildPhase section */
		1CA0A17D26116AED0022549F /* Frameworks */ = {
			isa = PBXFrameworksBuildPhase;
			buildActionMask = 2147483647;
			files = (
			);
			runOnlyForDeploymentPostprocessing = 0;
		};
/* End PBXFrameworksBuildPhase section */

/* Begin PBXGroup section */
		1CA0A17726116AED0022549F = {
			isa = PBXGroup;
			children = (
				1CA0A18226116AED0022549F /* XMLParseDome */,
				1CA0A18126116AED0022549F /* Products */,
			);
			sourceTree = "<group>";
		};
		1CA0A18126116AED0022549F /* Products */ = {
			isa = PBXGroup;
			children = (
				1CA0A18026116AED0022549F /* XMLParseDome.app */,
			);
			name = Products;
			sourceTree = "<group>";
		};
		1CA0A18226116AED0022549F /* XMLParseDome */ = {
			isa = PBXGroup;
			children = (
				1CA0A1B8261185290022549F /* core */,
				1CA0A18326116AED0022549F /* AppDelegate.h */,
				1CA0A18426116AED0022549F /* AppDelegate.m */,
				1CA0A18626116AED0022549F /* SceneDelegate.h */,
				1CA0A18726116AED0022549F /* SceneDelegate.m */,
				1CA0A18926116AED0022549F /* ViewController.h */,
				1CA0A18A26116AED0022549F /* ViewController.m */,
				1CA0A18C26116AED0022549F /* Main.storyboard */,
				1CA0A19D26116B1E0022549F /* xmlTextFile.xml */,
				1CA0A1A6261177A90022549F /* xmlText2.xml */,
				1CA0A18F26116AEE0022549F /* Assets.xcassets */,
				1CA0A19126116AEE0022549F /* LaunchScreen.storyboard */,
				1CA0A19426116AEE0022549F /* Info.plist */,
				1CA0A19526116AEE0022549F /* main.m */,
			);
			path = XMLParseDome;
			sourceTree = "<group>";
		};
		1CA0A1B8261185290022549F /* core */ = {
			isa = PBXGroup;
			children = (
				1CA0A1B9261185400022549F /* XPDXMLElement.h */,
				1CA0A1BA261185400022549F /* XPDXMLElement.m */,
				1CA0A1A026116B3C0022549F /* XMLParseManager.h */,
				1CA0A1A126116B3C0022549F /* XMLParseManager.m */,
			);
			path = core;
			sourceTree = "<group>";
		};
/* End PBXGroup section */

/* Begin PBXNativeTarget section */
		1CA0A17F26116AED0022549F /* XMLParseDome */ = {
			isa = PBXNativeTarget;
			buildConfigurationList = 1CA0A19926116AEE0022549F /* Build configuration list for PBXNativeTarget "XMLParseDome" */;
			buildPhases = (
				1CA0A17C26116AED0022549F /* Sources */,
				1CA0A17D26116AED0022549F /* Frameworks */,
				1CA0A17E26116AED0022549F /* Resources */,
			);
			buildRules = (
			);
			dependencies = (
			);
			name = XMLParseDome;
			productName = XMLParseDome;
			productReference = 1CA0A18026116AED0022549F /* XMLParseDome.app */;
			productType = "com.apple.product-type.application";
		};
/* End PBXNativeTarget section */

/* Begin PBXProject section */
		1CA0A17826116AED0022549F /* Project object */ = {
			isa = PBXProject;
			attributes = {
				LastUpgradeCheck = 1240;
				ORGANIZATIONNAME = xuezhou.yan;
				TargetAttributes = {
					1CA0A17F26116AED0022549F = {
						CreatedOnToolsVersion = 12.4;
					};
				};
			};
			buildConfigurationList = 1CA0A17B26116AED0022549F /* Build configuration list for PBXProject "XMLParseDome" */;
			compatibilityVersion = "Xcode 9.3";
			developmentRegion = en;
			hasScannedForEncodings = 0;
			knownRegions = (
				en,
				Base,
			);
			mainGroup = 1CA0A17726116AED0022549F;
			productRefGroup = 1CA0A18126116AED0022549F /* Products */;
			projectDirPath = "";
			projectRoot = "";
			targets = (
				1CA0A17F26116AED0022549F /* XMLParseDome */,
			);
		};
/* End PBXProject section */

/* Begin PBXResourcesBuildPhase section */
		1CA0A17E26116AED0022549F /* Resources */ = {
			isa = PBXResourcesBuildPhase;
			buildActionMask = 2147483647;
			files = (
				1CA0A19E26116B1E0022549F /* xmlTextFile.xml in Resources */,
				1CA0A19326116AEE0022549F /* LaunchScreen.storyboard in Resources */,
				1CA0A19026116AEE0022549F /* Assets.xcassets in Resources */,
				1CA0A18E26116AED0022549F /* Main.storyboard in Resources */,
				1CA0A1A7261177A90022549F /* xmlText2.xml in Resources */,
			);
			runOnlyForDeploymentPostprocessing = 0;
		};
/* End PBXResourcesBuildPhase section */

/* Begin PBXSourcesBuildPhase section */
		1CA0A17C26116AED0022549F /* Sources */ = {
			isa = PBXSourcesBuildPhase;
			buildActionMask = 2147483647;
			files = (
				1CA0A18B26116AED0022549F /* ViewController.m in Sources */,
				1CA0A18526116AED0022549F /* AppDelegate.m in Sources */,
				1CA0A19626116AEE0022549F /* main.m in Sources */,
				1CA0A18826116AED0022549F /* SceneDelegate.m in Sources */,
				1CA0A1BB261185400022549F /* XPDXMLElement.m in Sources */,
				1CA0A1A226116B3C0022549F /* XMLParseManager.m in Sources */,
			);
			runOnlyForDeploymentPostprocessing = 0;
		};
/* End PBXSourcesBuildPhase section */

/* Begin PBXVariantGroup section */
		1CA0A18C26116AED0022549F /* Main.storyboard */ = {
			isa = PBXVariantGroup;
			children = (
				1CA0A18D26116AED0022549F /* Base */,
			);
			name = Main.storyboard;
			sourceTree = "<group>";
		};
		1CA0A19126116AEE0022549F /* LaunchScreen.storyboard */ = {
			isa = PBXVariantGroup;
			children = (
				1CA0A19226116AEE0022549F /* Base */,
			);
			name = LaunchScreen.storyboard;
			sourceTree = "<group>";
		};
/* End PBXVariantGroup section */

/* Begin XCBuildConfiguration section */
		1CA0A19726116AEE0022549F /* Debug */ = {
			isa = XCBuildConfiguration;
			buildSettings = {
				ALWAYS_SEARCH_USER_PATHS = NO;
				CLANG_ANALYZER_NONNULL = YES;
				CLANG_ANALYZER_NUMBER_OBJECT_CONVERSION = YES_AGGRESSIVE;
				CLANG_CXX_LANGUAGE_STANDARD = "gnu++14";
				CLANG_CXX_LIBRARY = "libc++";
				CLANG_ENABLE_MODULES = YES;
				CLANG_ENABLE_OBJC_ARC = YES;
				CLANG_ENABLE_OBJC_WEAK = YES;
				CLANG_WARN_BLOCK_CAPTURE_AUTORELEASING = YES;
				CLANG_WARN_BOOL_CONVERSION = YES;
				CLANG_WARN_COMMA = YES;
				CLANG_WARN_CONSTANT_CONVERSION = YES;
				CLANG_WARN_DEPRECATED_OBJC_IMPLEMENTATIONS = YES;
				CLANG_WARN_DIRECT_OBJC_ISA_USAGE = YES_ERROR;
				CLANG_WARN_DOCUMENTATION_COMMENTS = YES;
				CLANG_WARN_EMPTY_BODY = YES;
				CLANG_WARN_ENUM_CONVERSION = YES;
				CLANG_WARN_INFINITE_RECURSION = YES;
				CLANG_WARN_INT_CONVERSION = YES;
				CLANG_WARN_NON_LITERAL_NULL_CONVERSION = YES;
				CLANG_WARN_OBJC_IMPLICIT_RETAIN_SELF = YES;
				CLANG_WARN_OBJC_LITERAL_CONVERSION = YES;
				CLANG_WARN_OBJC_ROOT_CLASS = YES_ERROR;
				CLANG_WARN_QUOTED_INCLUDE_IN_FRAMEWORK_HEADER = YES;
				CLANG_WARN_RANGE_LOOP_ANALYSIS = YES;
				CLANG_WARN_STRICT_PROTOTYPES = YES;
				CLANG_WARN_SUSPICIOUS_MOVE = YES;
				CLANG_WARN_UNGUARDED_AVAILABILITY = YES_AGGRESSIVE;
				CLANG_WARN_UNREACHABLE_CODE = YES;
				CLANG_WARN__DUPLICATE_METHOD_MATCH = YES;
				COPY_PHASE_STRIP = NO;
				DEBUG_INFORMATION_FORMAT = dwarf;
				ENABLE_STRICT_OBJC_MSGSEND = YES;
				ENABLE_TESTABILITY = YES;
				GCC_C_LANGUAGE_STANDARD = gnu11;
				GCC_DYNAMIC_NO_PIC = NO;
				GCC_NO_COMMON_BLOCKS = YES;
				GCC_OPTIMIZATION_LEVEL = 0;
				GCC_PREPROCESSOR_DEFINITIONS = (
					"DEBUG=1",
					"$(inherited)",
				);
				GCC_WARN_64_TO_32_BIT_CONVERSION = YES;
				GCC_WARN_ABOUT_RETURN_TYPE = YES_ERROR;
				GCC_WARN_UNDECLARED_SELECTOR = YES;
				GCC_WARN_UNINITIALIZED_AUTOS = YES_AGGRESSIVE;
				GCC_WARN_UNUSED_FUNCTION = YES;
				GCC_WARN_UNUSED_VARIABLE = YES;
				IPHONEOS_DEPLOYMENT_TARGET = 14.4;
				MTL_ENABLE_DEBUG_INFO = INCLUDE_SOURCE;
				MTL_FAST_MATH = YES;
				ONLY_ACTIVE_ARCH = YES;
				SDKROOT = iphoneos;
			};
			name = Debug;
		};
		1CA0A19826116AEE0022549F /* Release */ = {
			isa = XCBuildConfiguration;
			buildSettings = {
				ALWAYS_SEARCH_USER_PATHS = NO;
				CLANG_ANALYZER_NONNULL = YES;
				CLANG_ANALYZER_NUMBER_OBJECT_CONVERSION = YES_AGGRESSIVE;
				CLANG_CXX_LANGUAGE_STANDARD = "gnu++14";
				CLANG_CXX_LIBRARY = "libc++";
				CLANG_ENABLE_MODULES = YES;
				CLANG_ENABLE_OBJC_ARC = YES;
				CLANG_ENABLE_OBJC_WEAK = YES;
				CLANG_WARN_BLOCK_CAPTURE_AUTORELEASING = YES;
				CLANG_WARN_BOOL_CONVERSION = YES;
				CLANG_WARN_COMMA = YES;
				CLANG_WARN_CONSTANT_CONVERSION = YES;
				CLANG_WARN_DEPRECATED_OBJC_IMPLEMENTATIONS = YES;
				CLANG_WARN_DIRECT_OBJC_ISA_USAGE = YES_ERROR;
				CLANG_WARN_DOCUMENTATION_COMMENTS = YES;
				CLANG_WARN_EMPTY_BODY = YES;
				CLANG_WARN_ENUM_CONVERSION = YES;
				CLANG_WARN_INFINITE_RECURSION = YES;
				CLANG_WARN_INT_CONVERSION = YES;
				CLANG_WARN_NON_LITERAL_NULL_CONVERSION = YES;
				CLANG_WARN_OBJC_IMPLICIT_RETAIN_SELF = YES;
				CLANG_WARN_OBJC_LITERAL_CONVERSION = YES;
				CLANG_WARN_OBJC_ROOT_CLASS = YES_ERROR;
				CLANG_WARN_QUOTED_INCLUDE_IN_FRAMEWORK_HEADER = YES;
				CLANG_WARN_RANGE_LOOP_ANALYSIS = YES;
				CLANG_WARN_STRICT_PROTOTYPES = YES;
				CLANG_WARN_SUSPICIOUS_MOVE = YES;
				CLANG_WARN_UNGUARDED_AVAILABILITY = YES_AGGRESSIVE;
				CLANG_WARN_UNREACHABLE_CODE = YES;
				CLANG_WARN__DUPLICATE_METHOD_MATCH = YES;
				COPY_PHASE_STRIP = NO;
				DEBUG_INFORMATION_FORMAT = "dwarf-with-dsym";
				ENABLE_NS_ASSERTIONS = NO;
				ENABLE_STRICT_OBJC_MSGSEND = YES;
				GCC_C_LANGUAGE_STANDARD = gnu11;
				GCC_NO_COMMON_BLOCKS = YES;
				GCC_WARN_64_TO_32_BIT_CONVERSION = YES;
				GCC_WARN_ABOUT_RETURN_TYPE = YES_ERROR;
				GCC_WARN_UNDECLARED_SELECTOR = YES;
				GCC_WARN_UNINITIALIZED_AUTOS = YES_AGGRESSIVE;
				GCC_WARN_UNUSED_FUNCTION = YES;
				GCC_WARN_UNUSED_VARIABLE = YES;
				IPHONEOS_DEPLOYMENT_TARGET = 14.4;
				MTL_ENABLE_DEBUG_INFO = NO;
				MTL_FAST_MATH = YES;
				SDKROOT = iphoneos;
				VALIDATE_PRODUCT = YES;
			};
			name = Release;
		};
		1CA0A19A26116AEE0022549F /* Debug */ = {
			isa = XCBuildConfiguration;
			buildSettings = {
				ASSETCATALOG_COMPILER_APPICON_NAME = AppIcon;
				ASSETCATALOG_COMPILER_GLOBAL_ACCENT_COLOR_NAME = AccentColor;
				CODE_SIGN_STYLE = Automatic;
				INFOPLIST_FILE = XMLParseDome/Info.plist;
				LD_RUNPATH_SEARCH_PATHS = (
					"$(inherited)",
					"@executable_path/Frameworks",
				);
				PRODUCT_BUNDLE_IDENTIFIER = com.test.XMLParseDome;
				PRODUCT_NAME = "$(TARGET_NAME)";
				TARGETED_DEVICE_FAMILY = "1,2";
			};
			name = Debug;
		};
		1CA0A19B26116AEE0022549F /* Release */ = {
			isa = XCBuildConfiguration;
			buildSettings = {
				ASSETCATALOG_COMPILER_APPICON_NAME = AppIcon;
				ASSETCATALOG_COMPILER_GLOBAL_ACCENT_COLOR_NAME = AccentColor;
				CODE_SIGN_STYLE = Automatic;
				INFOPLIST_FILE = XMLParseDome/Info.plist;
				LD_RUNPATH_SEARCH_PATHS = (
					"$(inherited)",
					"@executable_path/Frameworks",
				);
				PRODUCT_BUNDLE_IDENTIFIER = com.test.XMLParseDome;
				PRODUCT_NAME = "$(TARGET_NAME)";
				TARGETED_DEVICE_FAMILY = "1,2";
			};
			name = Release;
		};
/* End XCBuildConfiguration section */

/* Begin XCConfigurationList section */
		1CA0A17B26116AED0022549F /* Build configuration list for PBXProject "XMLParseDome" */ = {
			isa = XCConfigurationList;
			buildConfigurations = (
				1CA0A19726116AEE0022549F /* Debug */,
				1CA0A19826116AEE0022549F /* Release */,
			);
			defaultConfigurationIsVisible = 0;
			defaultConfigurationName = Release;
		};
		1CA0A19926116AEE0022549F /* Build configuration list for PBXNativeTarget "XMLParseDome" */ = {
			isa = XCConfigurationList;
			buildConfigurations = (
				1CA0A19A26116AEE0022549F /* Debug */,
				1CA0A19B26116AEE0022549F /* Release */,
			);
			defaultConfigurationIsVisible = 0;
			defaultConfigurationName = Release;
		};
/* End XCConfigurationList section */
	};
	rootObject = 1CA0A17826116AED0022549F /* Project object */;
}
